// !$*UTF8*$!
{
	archiveVersion = 1;
	classes = {
	};
	objectVersion = 46;
	objects = {

/* Begin PBXBuildFile section */
		67AC21B91BA7E5360057BFD2 /* AppDelegate.swift in Sources */ = {isa = PBXBuildFile; fileRef = 67AC21B81BA7E5360057BFD2 /* AppDelegate.swift */; };
		67AC21BB1BA7E5360057BFD2 /* ViewController.swift in Sources */ = {isa = PBXBuildFile; fileRef = 67AC21BA1BA7E5360057BFD2 /* ViewController.swift */; };
		67AC21BE1BA7E5360057BFD2 /* Main.storyboard in Resources */ = {isa = PBXBuildFile; fileRef = 67AC21BC1BA7E5360057BFD2 /* Main.storyboard */; };
		67AC21C01BA7E5360057BFD2 /* Images.xcassets in Resources */ = {isa = PBXBuildFile; fileRef = 67AC21BF1BA7E5360057BFD2 /* Images.xcassets */; };
		67AC21C31BA7E5360057BFD2 /* LaunchScreen.xib in Resources */ = {isa = PBXBuildFile; fileRef = 67AC21C11BA7E5360057BFD2 /* LaunchScreen.xib */; };
		67AC21CF1BA7E5360057BFD2 /* MyFirstSwiftAppTests.swift in Sources */ = {isa = PBXBuildFile; fileRef = 67AC21CE1BA7E5360057BFD2 /* MyFirstSwiftAppTests.swift */; };
		67BE8DA21BB2ADC400B359A5 /* btabuenca_475x.png in Resources */ = {isa = PBXBuildFile; fileRef = 67BE8DA01BB2ADC400B359A5 /* btabuenca_475x.png */; settings = {ASSET_TAGS = (); }; };
		67BE8DA31BB2ADC400B359A5 /* pumpkin_50x.png in Resources */ = {isa = PBXBuildFile; fileRef = 67BE8DA11BB2ADC400B359A5 /* pumpkin_50x.png */; settings = {ASSET_TAGS = (); }; };
/* End PBXBuildFile section */

/* Begin PBXContainerItemProxy section */
		67AC21C91BA7E5360057BFD2 /* PBXContainerItemProxy */ = {
			isa = PBXContainerItemProxy;
			containerPortal = 67AC21AB1BA7E5360057BFD2 /* Project object */;
			proxyType = 1;
			remoteGlobalIDString = 67AC21B21BA7E5360057BFD2;
			remoteInfo = MyFirstSwiftApp;
		};
/* End PBXContainerItemProxy section */

/* Begin PBXFileReference section */
		67AC21B31BA7E5360057BFD2 /* MyFirstSwiftApp.app */ = {isa = PBXFileReference; explicitFileType = wrapper.application; includeInIndex = 0; path = MyFirstSwiftApp.app; sourceTree = BUILT_PRODUCTS_DIR; };
		67AC21B71BA7E5360057BFD2 /* Info.plist */ = {isa = PBXFileReference; lastKnownFileType = text.plist.xml; path = Info.plist; sourceTree = "<group>"; };
		67AC21B81BA7E5360057BFD2 /* AppDelegate.swift */ = {isa = PBXFileReference; lastKnownFileType = sourcecode.swift; path = AppDelegate.swift; sourceTree = "<group>"; };
		67AC21BA1BA7E5360057BFD2 /* ViewController.swift */ = {isa = PBXFileReference; lastKnownFileType = sourcecode.swift; path = ViewController.swift; sourceTree = "<group>"; };
		67AC21BD1BA7E5360057BFD2 /* Base */ = {isa = PBXFileReference; lastKnownFileType = file.storyboard; name = Base; path = Base.lproj/Main.storyboard; sourceTree = "<group>"; };
		67AC21BF1BA7E5360057BFD2 /* Images.xcassets */ = {isa = PBXFileReference; lastKnownFileType = folder.assetcatalog; path = Images.xcassets; sourceTree = "<group>"; };
		67AC21C21BA7E5360057BFD2 /* Base */ = {isa = PBXFileReference; lastKnownFileType = file.xib; name = Base; path = Base.lproj/LaunchScreen.xib; sourceTree = "<group>"; };
		67AC21C81BA7E5360057BFD2 /* MyFirstSwiftAppTests.xctest */ = {isa = PBXFileReference; explicitFileType = wrapper.cfbundle; includeInIndex = 0; path = MyFirstSwiftAppTests.xctest; sourceTree = BUILT_PRODUCTS_DIR; };
		67AC21CD1BA7E5360057BFD2 /* Info.plist */ = {isa = PBXFileReference; lastKnownFileType = text.plist.xml; path = Info.plist; sourceTree = "<group>"; };
		67AC21CE1BA7E5360057BFD2 /* MyFirstSwiftAppTests.swift */ = {isa = PBXFileReference; lastKnownFileType = sourcecode.swift; path = MyFirstSwiftAppTests.swift; sourceTree = "<group>"; };
		67BE8DA01BB2ADC400B359A5 /* btabuenca_475x.png */ = {isa = PBXFileReference; lastKnownFileType = image.png; path = btabuenca_475x.png; sourceTree = "<group>"; };
		67BE8DA11BB2ADC400B359A5 /* pumpkin_50x.png */ = {isa = PBXFileReference; lastKnownFileType = image.png; path = pumpkin_50x.png; sourceTree = "<group>"; };
/* End PBXFileReference section */

/* Begin PBXFrameworksBuildPhase section */
		67AC21B01BA7E5360057BFD2 /* Frameworks */ = {
			isa = PBXFrameworksBuildPhase;
			buildActionMask = 2147483647;
			files = (
			);
			runOnlyForDeploymentPostprocessing = 0;
		};
		67AC21C51BA7E5360057BFD2 /* Frameworks */ = {
			isa = PBXFrameworksBuildPhase;
			buildActionMask = 2147483647;
			files = (
			);
			runOnlyForDeploymentPostprocessing = 0;
		};
/* End PBXFrameworksBuildPhase section */

/* Begin PBXGroup section */
		67AC21AA1BA7E5360057BFD2 = {
			isa = PBXGroup;
			children = (
				67AC21B51BA7E5360057BFD2 /* MyFirstSwiftApp */,
				67AC21CB1BA7E5360057BFD2 /* MyFirstSwiftAppTests */,
				67AC21B41BA7E5360057BFD2 /* Products */,
			);
			sourceTree = "<group>";
		};
		67AC21B41BA7E5360057BFD2 /* Products */ = {
			isa = PBXGroup;
			children = (
				67AC21B31BA7E5360057BFD2 /* MyFirstSwiftApp.app */,
				67AC21C81BA7E5360057BFD2 /* MyFirstSwiftAppTests.xctest */,
			);
			name = Products;
			sourceTree = "<group>";
		};
		67AC21B51BA7E5360057BFD2 /* MyFirstSwiftApp */ = {
			isa = PBXGroup;
			children = (
				67BE8D9F1BB2ADC400B359A5 /* images */,
				67AC21B81BA7E5360057BFD2 /* AppDelegate.swift */,
				67AC21BA1BA7E5360057BFD2 /* ViewController.swift */,
				67AC21BC1BA7E5360057BFD2 /* Main.storyboard */,
				67AC21BF1BA7E5360057BFD2 /* Images.xcassets */,
				67AC21C11BA7E5360057BFD2 /* LaunchScreen.xib */,
				67AC21B61BA7E5360057BFD2 /* Supporting Files */,
			);
			path = MyFirstSwiftApp;
			sourceTree = "<group>";
		};
		67AC21B61BA7E5360057BFD2 /* Supporting Files */ = {
			isa = PBXGroup;
			children = (
				67AC21B71BA7E5360057BFD2 /* Info.plist */,
			);
			name = "Supporting Files";
			sourceTree = "<group>";
		};
		67AC21CB1BA7E5360057BFD2 /* MyFirstSwiftAppTests */ = {
			isa = PBXGroup;
			children = (
				67AC21CE1BA7E5360057BFD2 /* MyFirstSwiftAppTests.swift */,
				67AC21CC1BA7E5360057BFD2 /* Supporting Files */,
			);
			path = MyFirstSwiftAppTests;
			sourceTree = "<group>";
		};
		67AC21CC1BA7E5360057BFD2 /* Supporting Files */ = {
			isa = PBXGroup;
			children = (
				67AC21CD1BA7E5360057BFD2 /* Info.plist */,
			);
			name = "Supporting Files";
			sourceTree = "<group>";
		};
		67BE8D9F1BB2ADC400B359A5 /* images */ = {
			isa = PBXGroup;
			children = (
				67BE8DA01BB2ADC400B359A5 /* btabuenca_475x.png */,
				67BE8DA11BB2ADC400B359A5 /* pumpkin_50x.png */,
			);
			path = images;
			sourceTree = "<group>";
		};
/* End PBXGroup section */

/* Begin PBXNativeTarget section */
		67AC21B21BA7E5360057BFD2 /* MyFirstSwiftApp */ = {
			isa = PBXNativeTarget;
			buildConfigurationList = 67AC21D21BA7E5360057BFD2 /* Build configuration list for PBXNativeTarget "MyFirstSwiftApp" */;
			buildPhases = (
				67AC21AF1BA7E5360057BFD2 /* Sources */,
				67AC21B01BA7E5360057BFD2 /* Frameworks */,
				67AC21B11BA7E5360057BFD2 /* Resources */,
			);
			buildRules = (
			);
			dependencies = (
			);
			name = MyFirstSwiftApp;
			productName = MyFirstSwiftApp;
			productReference = 67AC21B31BA7E5360057BFD2 /* MyFirstSwiftApp.app */;
			productType = "com.apple.product-type.application";
		};
		67AC21C71BA7E5360057BFD2 /* MyFirstSwiftAppTests */ = {
			isa = PBXNativeTarget;
			buildConfigurationList = 67AC21D51BA7E5360057BFD2 /* Build configuration list for PBXNativeTarget "MyFirstSwiftAppTests" */;
			buildPhases = (
				67AC21C41BA7E5360057BFD2 /* Sources */,
				67AC21C51BA7E5360057BFD2 /* Frameworks */,
				67AC21C61BA7E5360057BFD2 /* Resources */,
			);
			buildRules = (
			);
			dependencies = (
				67AC21CA1BA7E5360057BFD2 /* PBXTargetDependency */,
			);
			name = MyFirstSwiftAppTests;
			productName = MyFirstSwiftAppTests;
			productReference = 67AC21C81BA7E5360057BFD2 /* MyFirstSwiftAppTests.xctest */;
			productType = "com.apple.product-type.bundle.unit-test";
		};
/* End PBXNativeTarget section */

/* Begin PBXProject section */
		67AC21AB1BA7E5360057BFD2 /* Project object */ = {
			isa = PBXProject;
			attributes = {
				LastSwiftUpdateCheck = 0700;
				LastUpgradeCheck = 0640;
				ORGANIZATIONNAME = "Bernardo Tabuenca";
				TargetAttributes = {
					67AC21B21BA7E5360057BFD2 = {
						CreatedOnToolsVersion = 6.4;
					};
					67AC21C71BA7E5360057BFD2 = {
						CreatedOnToolsVersion = 6.4;
						TestTargetID = 67AC21B21BA7E5360057BFD2;
					};
				};
			};
			buildConfigurationList = 67AC21AE1BA7E5360057BFD2 /* Build configuration list for PBXProject "MyFirstSwiftApp" */;
			compatibilityVersion = "Xcode 3.2";
			developmentRegion = English;
			hasScannedForEncodings = 0;
			knownRegions = (
				en,
				Base,
			);
			mainGroup = 67AC21AA1BA7E5360057BFD2;
			productRefGroup = 67AC21B41BA7E5360057BFD2 /* Products */;
			projectDirPath = "";
			projectRoot = "";
			targets = (
				67AC21B21BA7E5360057BFD2 /* MyFirstSwiftApp */,
				67AC21C71BA7E5360057BFD2 /* MyFirstSwiftAppTests */,
			);
		};
/* End PBXProject section */

/* Begin PBXResourcesBuildPhase section */
		67AC21B11BA7E5360057BFD2 /* Resources */ = {
			isa = PBXResourcesBuildPhase;
			buildActionMask = 2147483647;
			files = (
				67AC21BE1BA7E5360057BFD2 /* Main.storyboard in Resources */,
				67BE8DA21BB2ADC400B359A5 /* btabuenca_475x.png in Resources */,
				67AC21C31BA7E5360057BFD2 /* LaunchScreen.xib in Resources */,
				67AC21C01BA7E5360057BFD2 /* Images.xcassets in Resources */,
				67BE8DA31BB2ADC400B359A5 /* pumpkin_50x.png in Resources */,
			);
			runOnlyForDeploymentPostprocessing = 0;
		};
		67AC21C61BA7E5360057BFD2 /* Resources */ = {
			isa = PBXResourcesBuildPhase;
			buildActionMask = 2147483647;
			files = (
			);
			runOnlyForDeploymentPostprocessing = 0;
		};
/* End PBXResourcesBuildPhase section */

/* Begin PBXSourcesBuildPhase section */
		67AC21AF1BA7E5360057BFD2 /* Sources */ = {
			isa = PBXSourcesBuildPhase;
			buildActionMask = 2147483647;
			files = (
				67AC21BB1BA7E5360057BFD2 /* ViewController.swift in Sources */,
				67AC21B91BA7E5360057BFD2 /* AppDelegate.swift in Sources */,
			);
			runOnlyForDeploymentPostprocessing = 0;
		};
		67AC21C41BA7E5360057BFD2 /* Sources */ = {
			isa = PBXSourcesBuildPhase;
			buildActionMask = 2147483647;
			files = (
				67AC21CF1BA7E5360057BFD2 /* MyFirstSwiftAppTests.swift in Sources */,
			);
			runOnlyForDeploymentPostprocessing = 0;
		};
/* End PBXSourcesBuildPhase section */

/* Begin PBXTargetDependency section */
		67AC21CA1BA7E5360057BFD2 /* PBXTargetDependency */ = {
			isa = PBXTargetDependency;
			target = 67AC21B21BA7E5360057BFD2 /* MyFirstSwiftApp */;
			targetProxy = 67AC21C91BA7E5360057BFD2 /* PBXContainerItemProxy */;
		};
/* End PBXTargetDependency section */

/* Begin PBXVariantGroup section */
		67AC21BC1BA7E5360057BFD2 /* Main.storyboard */ = {
			isa = PBXVariantGroup;
			children = (
				67AC21BD1BA7E5360057BFD2 /* Base */,
			);
			name = Main.storyboard;
			sourceTree = "<group>";
		};
		67AC21C11BA7E5360057BFD2 /* LaunchScreen.xib */ = {
			isa = PBXVariantGroup;
			children = (
				67AC21C21BA7E5360057BFD2 /* Base */,
			);
			name = LaunchScreen.xib;
			sourceTree = "<group>";
		};
/* End PBXVariantGroup section */

/* Begin XCBuildConfiguration section */
		67AC21D01BA7E5360057BFD2 /* Debug */ = {
			isa = XCBuildConfiguration;
			buildSettings = {
				ALWAYS_SEARCH_USER_PATHS = NO;
				CLANG_CXX_LANGUAGE_STANDARD = "gnu++0x";
				CLANG_CXX_LIBRARY = "libc++";
				CLANG_ENABLE_MODULES = YES;
				CLANG_ENABLE_OBJC_ARC = YES;
				CLANG_WARN_BOOL_CONVERSION = YES;
				CLANG_WARN_CONSTANT_CONVERSION = YES;
				CLANG_WARN_DIRECT_OBJC_ISA_USAGE = YES_ERROR;
				CLANG_WARN_EMPTY_BODY = YES;
				CLANG_WARN_ENUM_CONVERSION = YES;
				CLANG_WARN_INT_CONVERSION = YES;
				CLANG_WARN_OBJC_ROOT_CLASS = YES_ERROR;
				CLANG_WARN_UNREACHABLE_CODE = YES;
				CLANG_WARN__DUPLICATE_METHOD_MATCH = YES;
				"CODE_SIGN_IDENTITY[sdk=iphoneos*]" = "iPhone Developer";
				COPY_PHASE_STRIP = NO;
				DEBUG_INFORMATION_FORMAT = "dwarf-with-dsym";
				ENABLE_STRICT_OBJC_MSGSEND = YES;
				GCC_C_LANGUAGE_STANDARD = gnu99;
				GCC_DYNAMIC_NO_PIC = NO;
				GCC_NO_COMMON_BLOCKS = YES;
				GCC_OPTIMIZATION_LEVEL = 0;
				GCC_PREPROCESSOR_DEFINITIONS = (
					"DEBUG=1",
					"$(inherited)",
				);
				GCC_SYMBOLS_PRIVATE_EXTERN = NO;
				GCC_WARN_64_TO_32_BIT_CONVERSION = YES;
				GCC_WARN_ABOUT_RETURN_TYPE = YES_ERROR;
				GCC_WARN_UNDECLARED_SELECTOR = YES;
				GCC_WARN_UNINITIALIZED_AUTOS = YES_AGGRESSIVE;
				GCC_WARN_UNUSED_FUNCTION = YES;
				GCC_WARN_UNUSED_VARIABLE = YES;
				IPHONEOS_DEPLOYMENT_TARGET = 8.4;
				MTL_ENABLE_DEBUG_INFO = YES;
				ONLY_ACTIVE_ARCH = YES;
				SDKROOT = iphoneos;
				SWIFT_OPTIMIZATION_LEVEL = "-Onone";
			};
			name = Debug;
		};
		67AC21D11BA7E5360057BFD2 /* Release */ = {
			isa = XCBuildConfiguration;
			buildSettings = {
				ALWAYS_SEARCH_USER_PATHS = NO;
				CLANG_CXX_LANGUAGE_STANDARD = "gnu++0x";
				CLANG_CXX_LIBRARY = "libc++";
				CLANG_ENABLE_MODULES = YES;
				CLANG_ENABLE_OBJC_ARC = YES;
				CLANG_WARN_BOOL_CONVERSION = YES;
				CLANG_WARN_CONSTANT_CONVERSION = YES;
				CLANG_WARN_DIRECT_OBJC_ISA_USAGE = YES_ERROR;
				CLANG_WARN_EMPTY_BODY = YES;
				CLANG_WARN_ENUM_CONVERSION = YES;
				CLANG_WARN_INT_CONVERSION = YES;
				CLANG_WARN_OBJC_ROOT_CLASS = YES_ERROR;
				CLANG_WARN_UNREACHABLE_CODE = YES;
				CLANG_WARN__DUPLICATE_METHOD_MATCH = YES;
				"CODE_SIGN_IDENTITY[sdk=iphoneos*]" = "iPhone Developer";
				COPY_PHASE_STRIP = NO;
				DEBUG_INFORMATION_FORMAT = "dwarf-with-dsym";
				ENABLE_NS_ASSERTIONS = NO;
				ENABLE_STRICT_OBJC_MSGSEND = YES;
				GCC_C_LANGUAGE_STANDARD = gnu99;
				GCC_NO_COMMON_BLOCKS = YES;
				GCC_WARN_64_TO_32_BIT_CONVERSION = YES;
				GCC_WARN_ABOUT_RETURN_TYPE = YES_ERROR;
				GCC_WARN_UNDECLARED_SELECTOR = YES;
				GCC_WARN_UNINITIALIZED_AUTOS = YES_AGGRESSIVE;
				GCC_WARN_UNUSED_FUNCTION = YES;
				GCC_WARN_UNUSED_VARIABLE = YES;
				IPHONEOS_DEPLOYMENT_TARGET = 8.4;
				MTL_ENABLE_DEBUG_INFO = NO;
				SDKROOT = iphoneos;
				VALIDATE_PRODUCT = YES;
			};
			name = Release;
		};
		67AC21D31BA7E5360057BFD2 /* Debug */ = {
			isa = XCBuildConfiguration;
			buildSettings = {
				ASSETCATALOG_COMPILER_APPICON_NAME = AppIcon;
				INFOPLIST_FILE = MyFirstSwiftApp/Info.plist;
				LD_RUNPATH_SEARCH_PATHS = "$(inherited) @executable_path/Frameworks";
				PRODUCT_NAME = "$(TARGET_NAME)";
			};
			name = Debug;
		};
		67AC21D41BA7E5360057BFD2 /* Release */ = {
			isa = XCBuildConfiguration;
			buildSettings = {
				ASSETCATALOG_COMPILER_APPICON_NAME = AppIcon;
				INFOPLIST_FILE = MyFirstSwiftApp/Info.plist;
				LD_RUNPATH_SEARCH_PATHS = "$(inherited) @executable_path/Frameworks";
				PRODUCT_NAME = "$(TARGET_NAME)";
			};
			name = Release;
		};
		67AC21D61BA7E5360057BFD2 /* Debug */ = {
			isa = XCBuildConfiguration;
			buildSettings = {
				BUNDLE_LOADER = "$(TEST_HOST)";
				FRAMEWORK_SEARCH_PATHS = (
					"$(SDKROOT)/Developer/Library/Frameworks",
					"$(inherited)",
				);
				GCC_PREPROCESSOR_DEFINITIONS = (
					"DEBUG=1",
					"$(inherited)",
				);
				INFOPLIST_FILE = MyFirstSwiftAppTests/Info.plist;
				LD_RUNPATH_SEARCH_PATHS = "$(inherited) @executable_path/Frameworks @loader_path/Frameworks";
				PRODUCT_NAME = "$(TARGET_NAME)";
				TEST_HOST = "$(BUILT_PRODUCTS_DIR)/MyFirstSwiftApp.app/MyFirstSwiftApp";
			};
			name = Debug;
		};
		67AC21D71BA7E5360057BFD2 /* Release */ = {
			isa = XCBuildConfiguration;
			buildSettings = {
				BUNDLE_LOADER = "$(TEST_HOST)";
				FRAMEWORK_SEARCH_PATHS = (
					"$(SDKROOT)/Developer/Library/Frameworks",
					"$(inherited)",
				);
				INFOPLIST_FILE = MyFirstSwiftAppTests/Info.plist;
				LD_RUNPATH_SEARCH_PATHS = "$(inherited) @executable_path/Frameworks @loader_path/Frameworks";
				PRODUCT_NAME = "$(TARGET_NAME)";
				TEST_HOST = "$(BUILT_PRODUCTS_DIR)/MyFirstSwiftApp.app/MyFirstSwiftApp";
			};
			name = Release;
		};
/* End XCBuildConfiguration section */

/* Begin XCConfigurationList section */
		67AC21AE1BA7E5360057BFD2 /* Build configuration list for PBXProject "MyFirstSwiftApp" */ = {
			isa = XCConfigurationList;
			buildConfigurations = (
				67AC21D01BA7E5360057BFD2 /* Debug */,
				67AC21D11BA7E5360057BFD2 /* Release */,
			);
			defaultConfigurationIsVisible = 0;
			defaultConfigurationName = Release;
		};
		67AC21D21BA7E5360057BFD2 /* Build configuration list for PBXNativeTarget "MyFirstSwiftApp" */ = {
			isa = XCConfigurationList;
			buildConfigurations = (
				67AC21D31BA7E5360057BFD2 /* Debug */,
				67AC21D41BA7E5360057BFD2 /* Release */,
			);
			defaultConfigurationIsVisible = 0;
			defaultConfigurationName = Release;
		};
		67AC21D51BA7E5360057BFD2 /* Build configuration list for PBXNativeTarget "MyFirstSwiftAppTests" */ = {
			isa = XCConfigurationList;
			buildConfigurations = (
				67AC21D61BA7E5360057BFD2 /* Debug */,
				67AC21D71BA7E5360057BFD2 /* Release */,
			);
			defaultConfigurationIsVisible = 0;
			defaultConfigurationName = Release;
		};
/* End XCConfigurationList section */
	};
	rootObject = 67AC21AB1BA7E5360057BFD2 /* Project object */;
}
