// !$*UTF8*$!
{
	archiveVersion = 1;
	classes = {
	};
	objectVersion = 46;
	objects = {

/* Begin PBXBuildFile section */
		670FA29A1C16D26F00EF21F8 /* AppDelegate.swift in Sources */ = {isa = PBXBuildFile; fileRef = 670FA2991C16D26F00EF21F8 /* AppDelegate.swift */; };
		670FA29C1C16D26F00EF21F8 /* TrackViewController.swift in Sources */ = {isa = PBXBuildFile; fileRef = 670FA29B1C16D26F00EF21F8 /* TrackViewController.swift */; };
		670FA29E1C16D26F00EF21F8 /* HistoryViewController.swift in Sources */ = {isa = PBXBuildFile; fileRef = 670FA29D1C16D26F00EF21F8 /* HistoryViewController.swift */; };
		670FA2A11C16D26F00EF21F8 /* Main.storyboard in Resources */ = {isa = PBXBuildFile; fileRef = 670FA29F1C16D26F00EF21F8 /* Main.storyboard */; };
		670FA2A31C16D26F00EF21F8 /* Assets.xcassets in Resources */ = {isa = PBXBuildFile; fileRef = 670FA2A21C16D26F00EF21F8 /* Assets.xcassets */; };
		670FA2A61C16D26F00EF21F8 /* LaunchScreen.storyboard in Resources */ = {isa = PBXBuildFile; fileRef = 670FA2A41C16D26F00EF21F8 /* LaunchScreen.storyboard */; };
		670FA2B11C16D26F00EF21F8 /* LearnTrackerTests.swift in Sources */ = {isa = PBXBuildFile; fileRef = 670FA2B01C16D26F00EF21F8 /* LearnTrackerTests.swift */; };
		670FA2BC1C16D26F00EF21F8 /* LearnTrackerUITests.swift in Sources */ = {isa = PBXBuildFile; fileRef = 670FA2BB1C16D26F00EF21F8 /* LearnTrackerUITests.swift */; };
		670FA2CA1C16D94F00EF21F8 /* StatsViewController.swift in Sources */ = {isa = PBXBuildFile; fileRef = 670FA2C91C16D94F00EF21F8 /* StatsViewController.swift */; };
		670FA2CC1C16E02200EF21F8 /* Assignment.swift in Sources */ = {isa = PBXBuildFile; fileRef = 670FA2CB1C16E02200EF21F8 /* Assignment.swift */; };
		67708C171C1894A7003502A5 /* HTTPReqManager.swift in Sources */ = {isa = PBXBuildFile; fileRef = 67708C161C1894A7003502A5 /* HTTPReqManager.swift */; };
		67708C191C18A635003502A5 /* Course.swift in Sources */ = {isa = PBXBuildFile; fileRef = 67708C181C18A635003502A5 /* Course.swift */; };
		67708C1B1C18A722003502A5 /* Activity.swift in Sources */ = {isa = PBXBuildFile; fileRef = 67708C1A1C18A722003502A5 /* Activity.swift */; };
		67D41E7B1C173BC6009ED8BC /* SplashViewController.swift in Sources */ = {isa = PBXBuildFile; fileRef = 67D41E7A1C173BC6009ED8BC /* SplashViewController.swift */; };
		67E96A3F1C21C2D000CD466D /* Session.swift in Sources */ = {isa = PBXBuildFile; fileRef = 67E96A3E1C21C2D000CD466D /* Session.swift */; };
/* End PBXBuildFile section */

/* Begin PBXContainerItemProxy section */
		670FA2AD1C16D26F00EF21F8 /* PBXContainerItemProxy */ = {
			isa = PBXContainerItemProxy;
			containerPortal = 670FA28E1C16D26F00EF21F8 /* Project object */;
			proxyType = 1;
			remoteGlobalIDString = 670FA2951C16D26F00EF21F8;
			remoteInfo = LearnTracker;
		};
		670FA2B81C16D26F00EF21F8 /* PBXContainerItemProxy */ = {
			isa = PBXContainerItemProxy;
			containerPortal = 670FA28E1C16D26F00EF21F8 /* Project object */;
			proxyType = 1;
			remoteGlobalIDString = 670FA2951C16D26F00EF21F8;
			remoteInfo = LearnTracker;
		};
/* End PBXContainerItemProxy section */

/* Begin PBXFileReference section */
		670FA2961C16D26F00EF21F8 /* LearnTracker.app */ = {isa = PBXFileReference; explicitFileType = wrapper.application; includeInIndex = 0; path = LearnTracker.app; sourceTree = BUILT_PRODUCTS_DIR; };
		670FA2991C16D26F00EF21F8 /* AppDelegate.swift */ = {isa = PBXFileReference; lastKnownFileType = sourcecode.swift; path = AppDelegate.swift; sourceTree = "<group>"; };
		670FA29B1C16D26F00EF21F8 /* TrackViewController.swift */ = {isa = PBXFileReference; lastKnownFileType = sourcecode.swift; path = TrackViewController.swift; sourceTree = "<group>"; };
		670FA29D1C16D26F00EF21F8 /* HistoryViewController.swift */ = {isa = PBXFileReference; lastKnownFileType = sourcecode.swift; path = HistoryViewController.swift; sourceTree = "<group>"; };
		670FA2A01C16D26F00EF21F8 /* Base */ = {isa = PBXFileReference; lastKnownFileType = file.storyboard; name = Base; path = Base.lproj/Main.storyboard; sourceTree = "<group>"; };
		670FA2A21C16D26F00EF21F8 /* Assets.xcassets */ = {isa = PBXFileReference; lastKnownFileType = folder.assetcatalog; path = Assets.xcassets; sourceTree = "<group>"; };
		670FA2A51C16D26F00EF21F8 /* Base */ = {isa = PBXFileReference; lastKnownFileType = file.storyboard; name = Base; path = Base.lproj/LaunchScreen.storyboard; sourceTree = "<group>"; };
		670FA2A71C16D26F00EF21F8 /* Info.plist */ = {isa = PBXFileReference; lastKnownFileType = text.plist.xml; path = Info.plist; sourceTree = "<group>"; };
		670FA2AC1C16D26F00EF21F8 /* LearnTrackerTests.xctest */ = {isa = PBXFileReference; explicitFileType = wrapper.cfbundle; includeInIndex = 0; path = LearnTrackerTests.xctest; sourceTree = BUILT_PRODUCTS_DIR; };
		670FA2B01C16D26F00EF21F8 /* LearnTrackerTests.swift */ = {isa = PBXFileReference; lastKnownFileType = sourcecode.swift; path = LearnTrackerTests.swift; sourceTree = "<group>"; };
		670FA2B21C16D26F00EF21F8 /* Info.plist */ = {isa = PBXFileReference; lastKnownFileType = text.plist.xml; path = Info.plist; sourceTree = "<group>"; };
		670FA2B71C16D26F00EF21F8 /* LearnTrackerUITests.xctest */ = {isa = PBXFileReference; explicitFileType = wrapper.cfbundle; includeInIndex = 0; path = LearnTrackerUITests.xctest; sourceTree = BUILT_PRODUCTS_DIR; };
		670FA2BB1C16D26F00EF21F8 /* LearnTrackerUITests.swift */ = {isa = PBXFileReference; lastKnownFileType = sourcecode.swift; path = LearnTrackerUITests.swift; sourceTree = "<group>"; };
		670FA2BD1C16D26F00EF21F8 /* Info.plist */ = {isa = PBXFileReference; lastKnownFileType = text.plist.xml; path = Info.plist; sourceTree = "<group>"; };
		670FA2C91C16D94F00EF21F8 /* StatsViewController.swift */ = {isa = PBXFileReference; fileEncoding = 4; lastKnownFileType = sourcecode.swift; path = StatsViewController.swift; sourceTree = "<group>"; };
		670FA2CB1C16E02200EF21F8 /* Assignment.swift */ = {isa = PBXFileReference; fileEncoding = 4; lastKnownFileType = sourcecode.swift; path = Assignment.swift; sourceTree = "<group>"; };
		67708C161C1894A7003502A5 /* HTTPReqManager.swift */ = {isa = PBXFileReference; fileEncoding = 4; lastKnownFileType = sourcecode.swift; path = HTTPReqManager.swift; sourceTree = "<group>"; };
		67708C181C18A635003502A5 /* Course.swift */ = {isa = PBXFileReference; fileEncoding = 4; lastKnownFileType = sourcecode.swift; path = Course.swift; sourceTree = "<group>"; };
		67708C1A1C18A722003502A5 /* Activity.swift */ = {isa = PBXFileReference; fileEncoding = 4; lastKnownFileType = sourcecode.swift; path = Activity.swift; sourceTree = "<group>"; };
		67D41E7A1C173BC6009ED8BC /* SplashViewController.swift */ = {isa = PBXFileReference; fileEncoding = 4; lastKnownFileType = sourcecode.swift; path = SplashViewController.swift; sourceTree = "<group>"; };
		67E96A3E1C21C2D000CD466D /* Session.swift */ = {isa = PBXFileReference; fileEncoding = 4; lastKnownFileType = sourcecode.swift; path = Session.swift; sourceTree = "<group>"; };
/* End PBXFileReference section */

/* Begin PBXFrameworksBuildPhase section */
		670FA2931C16D26F00EF21F8 /* Frameworks */ = {
			isa = PBXFrameworksBuildPhase;
			buildActionMask = 2147483647;
			files = (
			);
			runOnlyForDeploymentPostprocessing = 0;
		};
		670FA2A91C16D26F00EF21F8 /* Frameworks */ = {
			isa = PBXFrameworksBuildPhase;
			buildActionMask = 2147483647;
			files = (
			);
			runOnlyForDeploymentPostprocessing = 0;
		};
		670FA2B41C16D26F00EF21F8 /* Frameworks */ = {
			isa = PBXFrameworksBuildPhase;
			buildActionMask = 2147483647;
			files = (
			);
			runOnlyForDeploymentPostprocessing = 0;
		};
/* End PBXFrameworksBuildPhase section */

/* Begin PBXGroup section */
		670FA28D1C16D26F00EF21F8 = {
			isa = PBXGroup;
			children = (
				670FA2981C16D26F00EF21F8 /* LearnTracker */,
				670FA2AF1C16D26F00EF21F8 /* LearnTrackerTests */,
				670FA2BA1C16D26F00EF21F8 /* LearnTrackerUITests */,
				670FA2971C16D26F00EF21F8 /* Products */,
			);
			sourceTree = "<group>";
		};
		670FA2971C16D26F00EF21F8 /* Products */ = {
			isa = PBXGroup;
			children = (
				670FA2961C16D26F00EF21F8 /* LearnTracker.app */,
				670FA2AC1C16D26F00EF21F8 /* LearnTrackerTests.xctest */,
				670FA2B71C16D26F00EF21F8 /* LearnTrackerUITests.xctest */,
			);
			name = Products;
			sourceTree = "<group>";
		};
		670FA2981C16D26F00EF21F8 /* LearnTracker */ = {
			isa = PBXGroup;
			children = (
				670FA2991C16D26F00EF21F8 /* AppDelegate.swift */,
				670FA2CB1C16E02200EF21F8 /* Assignment.swift */,
				67708C181C18A635003502A5 /* Course.swift */,
				67708C1A1C18A722003502A5 /* Activity.swift */,
				67708C161C1894A7003502A5 /* HTTPReqManager.swift */,
				670FA29D1C16D26F00EF21F8 /* HistoryViewController.swift */,
				67E96A3E1C21C2D000CD466D /* Session.swift */,
				670FA29B1C16D26F00EF21F8 /* TrackViewController.swift */,
				67D41E7A1C173BC6009ED8BC /* SplashViewController.swift */,
				670FA2C91C16D94F00EF21F8 /* StatsViewController.swift */,
				670FA29F1C16D26F00EF21F8 /* Main.storyboard */,
				670FA2A21C16D26F00EF21F8 /* Assets.xcassets */,
				670FA2A41C16D26F00EF21F8 /* LaunchScreen.storyboard */,
				670FA2A71C16D26F00EF21F8 /* Info.plist */,
			);
			path = LearnTracker;
			sourceTree = "<group>";
		};
		670FA2AF1C16D26F00EF21F8 /* LearnTrackerTests */ = {
			isa = PBXGroup;
			children = (
				670FA2B01C16D26F00EF21F8 /* LearnTrackerTests.swift */,
				670FA2B21C16D26F00EF21F8 /* Info.plist */,
			);
			path = LearnTrackerTests;
			sourceTree = "<group>";
		};
		670FA2BA1C16D26F00EF21F8 /* LearnTrackerUITests */ = {
			isa = PBXGroup;
			children = (
				670FA2BB1C16D26F00EF21F8 /* LearnTrackerUITests.swift */,
				670FA2BD1C16D26F00EF21F8 /* Info.plist */,
			);
			path = LearnTrackerUITests;
			sourceTree = "<group>";
		};
/* End PBXGroup section */

/* Begin PBXNativeTarget section */
		670FA2951C16D26F00EF21F8 /* LearnTracker */ = {
			isa = PBXNativeTarget;
			buildConfigurationList = 670FA2C01C16D26F00EF21F8 /* Build configuration list for PBXNativeTarget "LearnTracker" */;
			buildPhases = (
				670FA2921C16D26F00EF21F8 /* Sources */,
				670FA2931C16D26F00EF21F8 /* Frameworks */,
				670FA2941C16D26F00EF21F8 /* Resources */,
			);
			buildRules = (
			);
			dependencies = (
			);
			name = LearnTracker;
			productName = LearnTracker;
			productReference = 670FA2961C16D26F00EF21F8 /* LearnTracker.app */;
			productType = "com.apple.product-type.application";
		};
		670FA2AB1C16D26F00EF21F8 /* LearnTrackerTests */ = {
			isa = PBXNativeTarget;
			buildConfigurationList = 670FA2C31C16D26F00EF21F8 /* Build configuration list for PBXNativeTarget "LearnTrackerTests" */;
			buildPhases = (
				670FA2A81C16D26F00EF21F8 /* Sources */,
				670FA2A91C16D26F00EF21F8 /* Frameworks */,
				670FA2AA1C16D26F00EF21F8 /* Resources */,
			);
			buildRules = (
			);
			dependencies = (
				670FA2AE1C16D26F00EF21F8 /* PBXTargetDependency */,
			);
			name = LearnTrackerTests;
			productName = LearnTrackerTests;
			productReference = 670FA2AC1C16D26F00EF21F8 /* LearnTrackerTests.xctest */;
			productType = "com.apple.product-type.bundle.unit-test";
		};
		670FA2B61C16D26F00EF21F8 /* LearnTrackerUITests */ = {
			isa = PBXNativeTarget;
			buildConfigurationList = 670FA2C61C16D26F00EF21F8 /* Build configuration list for PBXNativeTarget "LearnTrackerUITests" */;
			buildPhases = (
				670FA2B31C16D26F00EF21F8 /* Sources */,
				670FA2B41C16D26F00EF21F8 /* Frameworks */,
				670FA2B51C16D26F00EF21F8 /* Resources */,
			);
			buildRules = (
			);
			dependencies = (
				670FA2B91C16D26F00EF21F8 /* PBXTargetDependency */,
			);
			name = LearnTrackerUITests;
			productName = LearnTrackerUITests;
			productReference = 670FA2B71C16D26F00EF21F8 /* LearnTrackerUITests.xctest */;
			productType = "com.apple.product-type.bundle.ui-testing";
		};
/* End PBXNativeTarget section */

/* Begin PBXProject section */
		670FA28E1C16D26F00EF21F8 /* Project object */ = {
			isa = PBXProject;
			attributes = {
				LastSwiftUpdateCheck = 0710;
				LastUpgradeCheck = 0710;
				ORGANIZATIONNAME = "Bernardo Tabuenca";
				TargetAttributes = {
					670FA2951C16D26F00EF21F8 = {
						CreatedOnToolsVersion = 7.1.1;
					};
					670FA2AB1C16D26F00EF21F8 = {
						CreatedOnToolsVersion = 7.1.1;
						TestTargetID = 670FA2951C16D26F00EF21F8;
					};
					670FA2B61C16D26F00EF21F8 = {
						CreatedOnToolsVersion = 7.1.1;
						TestTargetID = 670FA2951C16D26F00EF21F8;
					};
				};
			};
			buildConfigurationList = 670FA2911C16D26F00EF21F8 /* Build configuration list for PBXProject "LearnTracker" */;
			compatibilityVersion = "Xcode 3.2";
			developmentRegion = English;
			hasScannedForEncodings = 0;
			knownRegions = (
				en,
				Base,
			);
			mainGroup = 670FA28D1C16D26F00EF21F8;
			productRefGroup = 670FA2971C16D26F00EF21F8 /* Products */;
			projectDirPath = "";
			projectRoot = "";
			targets = (
				670FA2951C16D26F00EF21F8 /* LearnTracker */,
				670FA2AB1C16D26F00EF21F8 /* LearnTrackerTests */,
				670FA2B61C16D26F00EF21F8 /* LearnTrackerUITests */,
			);
		};
/* End PBXProject section */

/* Begin PBXResourcesBuildPhase section */
		670FA2941C16D26F00EF21F8 /* Resources */ = {
			isa = PBXResourcesBuildPhase;
			buildActionMask = 2147483647;
			files = (
				670FA2A61C16D26F00EF21F8 /* LaunchScreen.storyboard in Resources */,
				670FA2A31C16D26F00EF21F8 /* Assets.xcassets in Resources */,
				670FA2A11C16D26F00EF21F8 /* Main.storyboard in Resources */,
			);
			runOnlyForDeploymentPostprocessing = 0;
		};
		670FA2AA1C16D26F00EF21F8 /* Resources */ = {
			isa = PBXResourcesBuildPhase;
			buildActionMask = 2147483647;
			files = (
			);
			runOnlyForDeploymentPostprocessing = 0;
		};
		670FA2B51C16D26F00EF21F8 /* Resources */ = {
			isa = PBXResourcesBuildPhase;
			buildActionMask = 2147483647;
			files = (
			);
			runOnlyForDeploymentPostprocessing = 0;
		};
/* End PBXResourcesBuildPhase section */

/* Begin PBXSourcesBuildPhase section */
		670FA2921C16D26F00EF21F8 /* Sources */ = {
			isa = PBXSourcesBuildPhase;
			buildActionMask = 2147483647;
			files = (
				67E96A3F1C21C2D000CD466D /* Session.swift in Sources */,
				67708C191C18A635003502A5 /* Course.swift in Sources */,
				670FA29E1C16D26F00EF21F8 /* HistoryViewController.swift in Sources */,
				67708C171C1894A7003502A5 /* HTTPReqManager.swift in Sources */,
				670FA29A1C16D26F00EF21F8 /* AppDelegate.swift in Sources */,
				670FA2CA1C16D94F00EF21F8 /* StatsViewController.swift in Sources */,
				67D41E7B1C173BC6009ED8BC /* SplashViewController.swift in Sources */,
				67708C1B1C18A722003502A5 /* Activity.swift in Sources */,
				670FA2CC1C16E02200EF21F8 /* Assignment.swift in Sources */,
				670FA29C1C16D26F00EF21F8 /* TrackViewController.swift in Sources */,
			);
			runOnlyForDeploymentPostprocessing = 0;
		};
		670FA2A81C16D26F00EF21F8 /* Sources */ = {
			isa = PBXSourcesBuildPhase;
			buildActionMask = 2147483647;
			files = (
				670FA2B11C16D26F00EF21F8 /* LearnTrackerTests.swift in Sources */,
			);
			runOnlyForDeploymentPostprocessing = 0;
		};
		670FA2B31C16D26F00EF21F8 /* Sources */ = {
			isa = PBXSourcesBuildPhase;
			buildActionMask = 2147483647;
			files = (
				670FA2BC1C16D26F00EF21F8 /* LearnTrackerUITests.swift in Sources */,
			);
			runOnlyForDeploymentPostprocessing = 0;
		};
/* End PBXSourcesBuildPhase section */

/* Begin PBXTargetDependency section */
		670FA2AE1C16D26F00EF21F8 /* PBXTargetDependency */ = {
			isa = PBXTargetDependency;
			target = 670FA2951C16D26F00EF21F8 /* LearnTracker */;
			targetProxy = 670FA2AD1C16D26F00EF21F8 /* PBXContainerItemProxy */;
		};
		670FA2B91C16D26F00EF21F8 /* PBXTargetDependency */ = {
			isa = PBXTargetDependency;
			target = 670FA2951C16D26F00EF21F8 /* LearnTracker */;
			targetProxy = 670FA2B81C16D26F00EF21F8 /* PBXContainerItemProxy */;
		};
/* End PBXTargetDependency section */

/* Begin PBXVariantGroup section */
		670FA29F1C16D26F00EF21F8 /* Main.storyboard */ = {
			isa = PBXVariantGroup;
			children = (
				670FA2A01C16D26F00EF21F8 /* Base */,
			);
			name = Main.storyboard;
			sourceTree = "<group>";
		};
		670FA2A41C16D26F00EF21F8 /* LaunchScreen.storyboard */ = {
			isa = PBXVariantGroup;
			children = (
				670FA2A51C16D26F00EF21F8 /* Base */,
			);
			name = LaunchScreen.storyboard;
			sourceTree = "<group>";
		};
/* End PBXVariantGroup section */

/* Begin XCBuildConfiguration section */
		670FA2BE1C16D26F00EF21F8 /* Debug */ = {
			isa = XCBuildConfiguration;
			buildSettings = {
				ALWAYS_SEARCH_USER_PATHS = NO;
				CLANG_CXX_LANGUAGE_STANDARD = "gnu++0x";
				CLANG_CXX_LIBRARY = "libc++";
				CLANG_ENABLE_MODULES = YES;
				CLANG_ENABLE_OBJC_ARC = YES;
				CLANG_WARN_BOOL_CONVERSION = YES;
				CLANG_WARN_CONSTANT_CONVERSION = YES;
				CLANG_WARN_DIRECT_OBJC_ISA_USAGE = YES_ERROR;
				CLANG_WARN_EMPTY_BODY = YES;
				CLANG_WARN_ENUM_CONVERSION = YES;
				CLANG_WARN_INT_CONVERSION = YES;
				CLANG_WARN_OBJC_ROOT_CLASS = YES_ERROR;
				CLANG_WARN_UNREACHABLE_CODE = YES;
				CLANG_WARN__DUPLICATE_METHOD_MATCH = YES;
				"CODE_SIGN_IDENTITY[sdk=iphoneos*]" = "iPhone Developer";
				COPY_PHASE_STRIP = NO;
				DEBUG_INFORMATION_FORMAT = dwarf;
				ENABLE_STRICT_OBJC_MSGSEND = YES;
				ENABLE_TESTABILITY = YES;
				GCC_C_LANGUAGE_STANDARD = gnu99;
				GCC_DYNAMIC_NO_PIC = NO;
				GCC_NO_COMMON_BLOCKS = YES;
				GCC_OPTIMIZATION_LEVEL = 0;
				GCC_PREPROCESSOR_DEFINITIONS = (
					"DEBUG=1",
					"$(inherited)",
				);
				GCC_WARN_64_TO_32_BIT_CONVERSION = YES;
				GCC_WARN_ABOUT_RETURN_TYPE = YES_ERROR;
				GCC_WARN_UNDECLARED_SELECTOR = YES;
				GCC_WARN_UNINITIALIZED_AUTOS = YES_AGGRESSIVE;
				GCC_WARN_UNUSED_FUNCTION = YES;
				GCC_WARN_UNUSED_VARIABLE = YES;
				IPHONEOS_DEPLOYMENT_TARGET = 9.1;
				MTL_ENABLE_DEBUG_INFO = YES;
				ONLY_ACTIVE_ARCH = YES;
				SDKROOT = iphoneos;
				SWIFT_OPTIMIZATION_LEVEL = "-Onone";
				TARGETED_DEVICE_FAMILY = "1,2";
			};
			name = Debug;
		};
		670FA2BF1C16D26F00EF21F8 /* Release */ = {
			isa = XCBuildConfiguration;
			buildSettings = {
				ALWAYS_SEARCH_USER_PATHS = NO;
				CLANG_CXX_LANGUAGE_STANDARD = "gnu++0x";
				CLANG_CXX_LIBRARY = "libc++";
				CLANG_ENABLE_MODULES = YES;
				CLANG_ENABLE_OBJC_ARC = YES;
				CLANG_WARN_BOOL_CONVERSION = YES;
				CLANG_WARN_CONSTANT_CONVERSION = YES;
				CLANG_WARN_DIRECT_OBJC_ISA_USAGE = YES_ERROR;
				CLANG_WARN_EMPTY_BODY = YES;
				CLANG_WARN_ENUM_CONVERSION = YES;
				CLANG_WARN_INT_CONVERSION = YES;
				CLANG_WARN_OBJC_ROOT_CLASS = YES_ERROR;
				CLANG_WARN_UNREACHABLE_CODE = YES;
				CLANG_WARN__DUPLICATE_METHOD_MATCH = YES;
				"CODE_SIGN_IDENTITY[sdk=iphoneos*]" = "iPhone Developer";
				COPY_PHASE_STRIP = NO;
				DEBUG_INFORMATION_FORMAT = "dwarf-with-dsym";
				ENABLE_NS_ASSERTIONS = NO;
				ENABLE_STRICT_OBJC_MSGSEND = YES;
				GCC_C_LANGUAGE_STANDARD = gnu99;
				GCC_NO_COMMON_BLOCKS = YES;
				GCC_WARN_64_TO_32_BIT_CONVERSION = YES;
				GCC_WARN_ABOUT_RETURN_TYPE = YES_ERROR;
				GCC_WARN_UNDECLARED_SELECTOR = YES;
				GCC_WARN_UNINITIALIZED_AUTOS = YES_AGGRESSIVE;
				GCC_WARN_UNUSED_FUNCTION = YES;
				GCC_WARN_UNUSED_VARIABLE = YES;
				IPHONEOS_DEPLOYMENT_TARGET = 9.1;
				MTL_ENABLE_DEBUG_INFO = NO;
				SDKROOT = iphoneos;
				TARGETED_DEVICE_FAMILY = "1,2";
				VALIDATE_PRODUCT = YES;
			};
			name = Release;
		};
		670FA2C11C16D26F00EF21F8 /* Debug */ = {
			isa = XCBuildConfiguration;
			buildSettings = {
				ASSETCATALOG_COMPILER_APPICON_NAME = AppIcon;
				INFOPLIST_FILE = LearnTracker/Info.plist;
				LD_RUNPATH_SEARCH_PATHS = "$(inherited) @executable_path/Frameworks";
				PRODUCT_BUNDLE_IDENTIFIER = org.celstec.btb.LearnTracker;
				PRODUCT_NAME = "$(TARGET_NAME)";
			};
			name = Debug;
		};
		670FA2C21C16D26F00EF21F8 /* Release */ = {
			isa = XCBuildConfiguration;
			buildSettings = {
				ASSETCATALOG_COMPILER_APPICON_NAME = AppIcon;
				INFOPLIST_FILE = LearnTracker/Info.plist;
				LD_RUNPATH_SEARCH_PATHS = "$(inherited) @executable_path/Frameworks";
				PRODUCT_BUNDLE_IDENTIFIER = org.celstec.btb.LearnTracker;
				PRODUCT_NAME = "$(TARGET_NAME)";
			};
			name = Release;
		};
		670FA2C41C16D26F00EF21F8 /* Debug */ = {
			isa = XCBuildConfiguration;
			buildSettings = {
				BUNDLE_LOADER = "$(TEST_HOST)";
				INFOPLIST_FILE = LearnTrackerTests/Info.plist;
				LD_RUNPATH_SEARCH_PATHS = "$(inherited) @executable_path/Frameworks @loader_path/Frameworks";
				PRODUCT_BUNDLE_IDENTIFIER = org.celstec.btb.LearnTrackerTests;
				PRODUCT_NAME = "$(TARGET_NAME)";
				TEST_HOST = "$(BUILT_PRODUCTS_DIR)/LearnTracker.app/LearnTracker";
			};
			name = Debug;
		};
		670FA2C51C16D26F00EF21F8 /* Release */ = {
			isa = XCBuildConfiguration;
			buildSettings = {
				BUNDLE_LOADER = "$(TEST_HOST)";
				INFOPLIST_FILE = LearnTrackerTests/Info.plist;
				LD_RUNPATH_SEARCH_PATHS = "$(inherited) @executable_path/Frameworks @loader_path/Frameworks";
				PRODUCT_BUNDLE_IDENTIFIER = org.celstec.btb.LearnTrackerTests;
				PRODUCT_NAME = "$(TARGET_NAME)";
				TEST_HOST = "$(BUILT_PRODUCTS_DIR)/LearnTracker.app/LearnTracker";
			};
			name = Release;
		};
		670FA2C71C16D26F00EF21F8 /* Debug */ = {
			isa = XCBuildConfiguration;
			buildSettings = {
				INFOPLIST_FILE = LearnTrackerUITests/Info.plist;
				LD_RUNPATH_SEARCH_PATHS = "$(inherited) @executable_path/Frameworks @loader_path/Frameworks";
				PRODUCT_BUNDLE_IDENTIFIER = org.celstec.btb.LearnTrackerUITests;
				PRODUCT_NAME = "$(TARGET_NAME)";
				TEST_TARGET_NAME = LearnTracker;
				USES_XCTRUNNER = YES;
			};
			name = Debug;
		};
		670FA2C81C16D26F00EF21F8 /* Release */ = {
			isa = XCBuildConfiguration;
			buildSettings = {
				INFOPLIST_FILE = LearnTrackerUITests/Info.plist;
				LD_RUNPATH_SEARCH_PATHS = "$(inherited) @executable_path/Frameworks @loader_path/Frameworks";
				PRODUCT_BUNDLE_IDENTIFIER = org.celstec.btb.LearnTrackerUITests;
				PRODUCT_NAME = "$(TARGET_NAME)";
				TEST_TARGET_NAME = LearnTracker;
				USES_XCTRUNNER = YES;
			};
			name = Release;
		};
/* End XCBuildConfiguration section */

/* Begin XCConfigurationList section */
		670FA2911C16D26F00EF21F8 /* Build configuration list for PBXProject "LearnTracker" */ = {
			isa = XCConfigurationList;
			buildConfigurations = (
				670FA2BE1C16D26F00EF21F8 /* Debug */,
				670FA2BF1C16D26F00EF21F8 /* Release */,
			);
			defaultConfigurationIsVisible = 0;
			defaultConfigurationName = Release;
		};
		670FA2C01C16D26F00EF21F8 /* Build configuration list for PBXNativeTarget "LearnTracker" */ = {
			isa = XCConfigurationList;
			buildConfigurations = (
				670FA2C11C16D26F00EF21F8 /* Debug */,
				670FA2C21C16D26F00EF21F8 /* Release */,
			);
			defaultConfigurationIsVisible = 0;
			defaultConfigurationName = Release;
		};
		670FA2C31C16D26F00EF21F8 /* Build configuration list for PBXNativeTarget "LearnTrackerTests" */ = {
			isa = XCConfigurationList;
			buildConfigurations = (
				670FA2C41C16D26F00EF21F8 /* Debug */,
				670FA2C51C16D26F00EF21F8 /* Release */,
			);
			defaultConfigurationIsVisible = 0;
			defaultConfigurationName = Release;
		};
		670FA2C61C16D26F00EF21F8 /* Build configuration list for PBXNativeTarget "LearnTrackerUITests" */ = {
			isa = XCConfigurationList;
			buildConfigurations = (
				670FA2C71C16D26F00EF21F8 /* Debug */,
				670FA2C81C16D26F00EF21F8 /* Release */,
			);
			defaultConfigurationIsVisible = 0;
			defaultConfigurationName = Release;
		};
/* End XCConfigurationList section */
	};
	rootObject = 670FA28E1C16D26F00EF21F8 /* Project object */;
}
