// !$*UTF8*$!
{
	archiveVersion = 1;
	classes = {
	};
	objectVersion = 46;
	objects = {

/* Begin PBXBuildFile section */
		676B4FFB1BFF6F0C00D69F5E /* AppDelegate.swift in Sources */ = {isa = PBXBuildFile; fileRef = 676B4FFA1BFF6F0C00D69F5E /* AppDelegate.swift */; };
		676B4FFD1BFF6F0C00D69F5E /* ViewController.swift in Sources */ = {isa = PBXBuildFile; fileRef = 676B4FFC1BFF6F0C00D69F5E /* ViewController.swift */; };
		676B50001BFF6F0C00D69F5E /* Main.storyboard in Resources */ = {isa = PBXBuildFile; fileRef = 676B4FFE1BFF6F0C00D69F5E /* Main.storyboard */; };
		676B50021BFF6F0C00D69F5E /* Assets.xcassets in Resources */ = {isa = PBXBuildFile; fileRef = 676B50011BFF6F0C00D69F5E /* Assets.xcassets */; };
		676B50051BFF6F0C00D69F5E /* LaunchScreen.storyboard in Resources */ = {isa = PBXBuildFile; fileRef = 676B50031BFF6F0C00D69F5E /* LaunchScreen.storyboard */; };
		676B50101BFF6F0C00D69F5E /* FiltererTests.swift in Sources */ = {isa = PBXBuildFile; fileRef = 676B500F1BFF6F0C00D69F5E /* FiltererTests.swift */; };
		676B501B1BFF6F0C00D69F5E /* FiltererUITests.swift in Sources */ = {isa = PBXBuildFile; fileRef = 676B501A1BFF6F0C00D69F5E /* FiltererUITests.swift */; };
		676B50291BFF731300D69F5E /* RGBAImage.swift in Sources */ = {isa = PBXBuildFile; fileRef = 676B50281BFF731300D69F5E /* RGBAImage.swift */; };
		676B502B1BFF761500D69F5E /* ImageProcessorInterface.swift in Sources */ = {isa = PBXBuildFile; fileRef = 676B502A1BFF761500D69F5E /* ImageProcessorInterface.swift */; };
/* End PBXBuildFile section */

/* Begin PBXContainerItemProxy section */
		676B500C1BFF6F0C00D69F5E /* PBXContainerItemProxy */ = {
			isa = PBXContainerItemProxy;
			containerPortal = 676B4FEF1BFF6F0C00D69F5E /* Project object */;
			proxyType = 1;
			remoteGlobalIDString = 676B4FF61BFF6F0C00D69F5E;
			remoteInfo = Filterer;
		};
		676B50171BFF6F0C00D69F5E /* PBXContainerItemProxy */ = {
			isa = PBXContainerItemProxy;
			containerPortal = 676B4FEF1BFF6F0C00D69F5E /* Project object */;
			proxyType = 1;
			remoteGlobalIDString = 676B4FF61BFF6F0C00D69F5E;
			remoteInfo = Filterer;
		};
/* End PBXContainerItemProxy section */

/* Begin PBXFileReference section */
		676B4FF71BFF6F0C00D69F5E /* Filterer.app */ = {isa = PBXFileReference; explicitFileType = wrapper.application; includeInIndex = 0; path = Filterer.app; sourceTree = BUILT_PRODUCTS_DIR; };
		676B4FFA1BFF6F0C00D69F5E /* AppDelegate.swift */ = {isa = PBXFileReference; lastKnownFileType = sourcecode.swift; path = AppDelegate.swift; sourceTree = "<group>"; };
		676B4FFC1BFF6F0C00D69F5E /* ViewController.swift */ = {isa = PBXFileReference; lastKnownFileType = sourcecode.swift; path = ViewController.swift; sourceTree = "<group>"; };
		676B4FFF1BFF6F0C00D69F5E /* Base */ = {isa = PBXFileReference; lastKnownFileType = file.storyboard; name = Base; path = Base.lproj/Main.storyboard; sourceTree = "<group>"; };
		676B50011BFF6F0C00D69F5E /* Assets.xcassets */ = {isa = PBXFileReference; lastKnownFileType = folder.assetcatalog; path = Assets.xcassets; sourceTree = "<group>"; };
		676B50041BFF6F0C00D69F5E /* Base */ = {isa = PBXFileReference; lastKnownFileType = file.storyboard; name = Base; path = Base.lproj/LaunchScreen.storyboard; sourceTree = "<group>"; };
		676B50061BFF6F0C00D69F5E /* Info.plist */ = {isa = PBXFileReference; lastKnownFileType = text.plist.xml; path = Info.plist; sourceTree = "<group>"; };
		676B500B1BFF6F0C00D69F5E /* FiltererTests.xctest */ = {isa = PBXFileReference; explicitFileType = wrapper.cfbundle; includeInIndex = 0; path = FiltererTests.xctest; sourceTree = BUILT_PRODUCTS_DIR; };
		676B500F1BFF6F0C00D69F5E /* FiltererTests.swift */ = {isa = PBXFileReference; lastKnownFileType = sourcecode.swift; path = FiltererTests.swift; sourceTree = "<group>"; };
		676B50111BFF6F0C00D69F5E /* Info.plist */ = {isa = PBXFileReference; lastKnownFileType = text.plist.xml; path = Info.plist; sourceTree = "<group>"; };
		676B50161BFF6F0C00D69F5E /* FiltererUITests.xctest */ = {isa = PBXFileReference; explicitFileType = wrapper.cfbundle; includeInIndex = 0; path = FiltererUITests.xctest; sourceTree = BUILT_PRODUCTS_DIR; };
		676B501A1BFF6F0C00D69F5E /* FiltererUITests.swift */ = {isa = PBXFileReference; lastKnownFileType = sourcecode.swift; path = FiltererUITests.swift; sourceTree = "<group>"; };
		676B501C1BFF6F0C00D69F5E /* Info.plist */ = {isa = PBXFileReference; lastKnownFileType = text.plist.xml; path = Info.plist; sourceTree = "<group>"; };
		676B50281BFF731300D69F5E /* RGBAImage.swift */ = {isa = PBXFileReference; fileEncoding = 4; lastKnownFileType = sourcecode.swift; path = RGBAImage.swift; sourceTree = "<group>"; };
		676B502A1BFF761500D69F5E /* ImageProcessorInterface.swift */ = {isa = PBXFileReference; fileEncoding = 4; lastKnownFileType = sourcecode.swift; path = ImageProcessorInterface.swift; sourceTree = "<group>"; };
/* End PBXFileReference section */

/* Begin PBXFrameworksBuildPhase section */
		676B4FF41BFF6F0C00D69F5E /* Frameworks */ = {
			isa = PBXFrameworksBuildPhase;
			buildActionMask = 2147483647;
			files = (
			);
			runOnlyForDeploymentPostprocessing = 0;
		};
		676B50081BFF6F0C00D69F5E /* Frameworks */ = {
			isa = PBXFrameworksBuildPhase;
			buildActionMask = 2147483647;
			files = (
			);
			runOnlyForDeploymentPostprocessing = 0;
		};
		676B50131BFF6F0C00D69F5E /* Frameworks */ = {
			isa = PBXFrameworksBuildPhase;
			buildActionMask = 2147483647;
			files = (
			);
			runOnlyForDeploymentPostprocessing = 0;
		};
/* End PBXFrameworksBuildPhase section */

/* Begin PBXGroup section */
		676B4FEE1BFF6F0C00D69F5E = {
			isa = PBXGroup;
			children = (
				676B4FF91BFF6F0C00D69F5E /* Filterer */,
				676B500E1BFF6F0C00D69F5E /* FiltererTests */,
				676B50191BFF6F0C00D69F5E /* FiltererUITests */,
				676B4FF81BFF6F0C00D69F5E /* Products */,
			);
			sourceTree = "<group>";
		};
		676B4FF81BFF6F0C00D69F5E /* Products */ = {
			isa = PBXGroup;
			children = (
				676B4FF71BFF6F0C00D69F5E /* Filterer.app */,
				676B500B1BFF6F0C00D69F5E /* FiltererTests.xctest */,
				676B50161BFF6F0C00D69F5E /* FiltererUITests.xctest */,
			);
			name = Products;
			sourceTree = "<group>";
		};
		676B4FF91BFF6F0C00D69F5E /* Filterer */ = {
			isa = PBXGroup;
			children = (
				676B4FFA1BFF6F0C00D69F5E /* AppDelegate.swift */,
				676B4FFC1BFF6F0C00D69F5E /* ViewController.swift */,
				676B50281BFF731300D69F5E /* RGBAImage.swift */,
				676B502A1BFF761500D69F5E /* ImageProcessorInterface.swift */,
				676B4FFE1BFF6F0C00D69F5E /* Main.storyboard */,
				676B50011BFF6F0C00D69F5E /* Assets.xcassets */,
				676B50031BFF6F0C00D69F5E /* LaunchScreen.storyboard */,
				676B50061BFF6F0C00D69F5E /* Info.plist */,
			);
			path = Filterer;
			sourceTree = "<group>";
		};
		676B500E1BFF6F0C00D69F5E /* FiltererTests */ = {
			isa = PBXGroup;
			children = (
				676B500F1BFF6F0C00D69F5E /* FiltererTests.swift */,
				676B50111BFF6F0C00D69F5E /* Info.plist */,
			);
			path = FiltererTests;
			sourceTree = "<group>";
		};
		676B50191BFF6F0C00D69F5E /* FiltererUITests */ = {
			isa = PBXGroup;
			children = (
				676B501A1BFF6F0C00D69F5E /* FiltererUITests.swift */,
				676B501C1BFF6F0C00D69F5E /* Info.plist */,
			);
			path = FiltererUITests;
			sourceTree = "<group>";
		};
/* End PBXGroup section */

/* Begin PBXNativeTarget section */
		676B4FF61BFF6F0C00D69F5E /* Filterer */ = {
			isa = PBXNativeTarget;
			buildConfigurationList = 676B501F1BFF6F0C00D69F5E /* Build configuration list for PBXNativeTarget "Filterer" */;
			buildPhases = (
				676B4FF31BFF6F0C00D69F5E /* Sources */,
				676B4FF41BFF6F0C00D69F5E /* Frameworks */,
				676B4FF51BFF6F0C00D69F5E /* Resources */,
			);
			buildRules = (
			);
			dependencies = (
			);
			name = Filterer;
			productName = Filterer;
			productReference = 676B4FF71BFF6F0C00D69F5E /* Filterer.app */;
			productType = "com.apple.product-type.application";
		};
		676B500A1BFF6F0C00D69F5E /* FiltererTests */ = {
			isa = PBXNativeTarget;
			buildConfigurationList = 676B50221BFF6F0C00D69F5E /* Build configuration list for PBXNativeTarget "FiltererTests" */;
			buildPhases = (
				676B50071BFF6F0C00D69F5E /* Sources */,
				676B50081BFF6F0C00D69F5E /* Frameworks */,
				676B50091BFF6F0C00D69F5E /* Resources */,
			);
			buildRules = (
			);
			dependencies = (
				676B500D1BFF6F0C00D69F5E /* PBXTargetDependency */,
			);
			name = FiltererTests;
			productName = FiltererTests;
			productReference = 676B500B1BFF6F0C00D69F5E /* FiltererTests.xctest */;
			productType = "com.apple.product-type.bundle.unit-test";
		};
		676B50151BFF6F0C00D69F5E /* FiltererUITests */ = {
			isa = PBXNativeTarget;
			buildConfigurationList = 676B50251BFF6F0C00D69F5E /* Build configuration list for PBXNativeTarget "FiltererUITests" */;
			buildPhases = (
				676B50121BFF6F0C00D69F5E /* Sources */,
				676B50131BFF6F0C00D69F5E /* Frameworks */,
				676B50141BFF6F0C00D69F5E /* Resources */,
			);
			buildRules = (
			);
			dependencies = (
				676B50181BFF6F0C00D69F5E /* PBXTargetDependency */,
			);
			name = FiltererUITests;
			productName = FiltererUITests;
			productReference = 676B50161BFF6F0C00D69F5E /* FiltererUITests.xctest */;
			productType = "com.apple.product-type.bundle.ui-testing";
		};
/* End PBXNativeTarget section */

/* Begin PBXProject section */
		676B4FEF1BFF6F0C00D69F5E /* Project object */ = {
			isa = PBXProject;
			attributes = {
				LastSwiftUpdateCheck = 0710;
				LastUpgradeCheck = 0710;
				ORGANIZATIONNAME = "Bernardo Tabuenca";
				TargetAttributes = {
					676B4FF61BFF6F0C00D69F5E = {
						CreatedOnToolsVersion = 7.1.1;
					};
					676B500A1BFF6F0C00D69F5E = {
						CreatedOnToolsVersion = 7.1.1;
						TestTargetID = 676B4FF61BFF6F0C00D69F5E;
					};
					676B50151BFF6F0C00D69F5E = {
						CreatedOnToolsVersion = 7.1.1;
						TestTargetID = 676B4FF61BFF6F0C00D69F5E;
					};
				};
			};
			buildConfigurationList = 676B4FF21BFF6F0C00D69F5E /* Build configuration list for PBXProject "Filterer" */;
			compatibilityVersion = "Xcode 3.2";
			developmentRegion = English;
			hasScannedForEncodings = 0;
			knownRegions = (
				en,
				Base,
			);
			mainGroup = 676B4FEE1BFF6F0C00D69F5E;
			productRefGroup = 676B4FF81BFF6F0C00D69F5E /* Products */;
			projectDirPath = "";
			projectRoot = "";
			targets = (
				676B4FF61BFF6F0C00D69F5E /* Filterer */,
				676B500A1BFF6F0C00D69F5E /* FiltererTests */,
				676B50151BFF6F0C00D69F5E /* FiltererUITests */,
			);
		};
/* End PBXProject section */

/* Begin PBXResourcesBuildPhase section */
		676B4FF51BFF6F0C00D69F5E /* Resources */ = {
			isa = PBXResourcesBuildPhase;
			buildActionMask = 2147483647;
			files = (
				676B50051BFF6F0C00D69F5E /* LaunchScreen.storyboard in Resources */,
				676B50021BFF6F0C00D69F5E /* Assets.xcassets in Resources */,
				676B50001BFF6F0C00D69F5E /* Main.storyboard in Resources */,
			);
			runOnlyForDeploymentPostprocessing = 0;
		};
		676B50091BFF6F0C00D69F5E /* Resources */ = {
			isa = PBXResourcesBuildPhase;
			buildActionMask = 2147483647;
			files = (
			);
			runOnlyForDeploymentPostprocessing = 0;
		};
		676B50141BFF6F0C00D69F5E /* Resources */ = {
			isa = PBXResourcesBuildPhase;
			buildActionMask = 2147483647;
			files = (
			);
			runOnlyForDeploymentPostprocessing = 0;
		};
/* End PBXResourcesBuildPhase section */

/* Begin PBXSourcesBuildPhase section */
		676B4FF31BFF6F0C00D69F5E /* Sources */ = {
			isa = PBXSourcesBuildPhase;
			buildActionMask = 2147483647;
			files = (
				676B502B1BFF761500D69F5E /* ImageProcessorInterface.swift in Sources */,
				676B4FFD1BFF6F0C00D69F5E /* ViewController.swift in Sources */,
				676B50291BFF731300D69F5E /* RGBAImage.swift in Sources */,
				676B4FFB1BFF6F0C00D69F5E /* AppDelegate.swift in Sources */,
			);
			runOnlyForDeploymentPostprocessing = 0;
		};
		676B50071BFF6F0C00D69F5E /* Sources */ = {
			isa = PBXSourcesBuildPhase;
			buildActionMask = 2147483647;
			files = (
				676B50101BFF6F0C00D69F5E /* FiltererTests.swift in Sources */,
			);
			runOnlyForDeploymentPostprocessing = 0;
		};
		676B50121BFF6F0C00D69F5E /* Sources */ = {
			isa = PBXSourcesBuildPhase;
			buildActionMask = 2147483647;
			files = (
				676B501B1BFF6F0C00D69F5E /* FiltererUITests.swift in Sources */,
			);
			runOnlyForDeploymentPostprocessing = 0;
		};
/* End PBXSourcesBuildPhase section */

/* Begin PBXTargetDependency section */
		676B500D1BFF6F0C00D69F5E /* PBXTargetDependency */ = {
			isa = PBXTargetDependency;
			target = 676B4FF61BFF6F0C00D69F5E /* Filterer */;
			targetProxy = 676B500C1BFF6F0C00D69F5E /* PBXContainerItemProxy */;
		};
		676B50181BFF6F0C00D69F5E /* PBXTargetDependency */ = {
			isa = PBXTargetDependency;
			target = 676B4FF61BFF6F0C00D69F5E /* Filterer */;
			targetProxy = 676B50171BFF6F0C00D69F5E /* PBXContainerItemProxy */;
		};
/* End PBXTargetDependency section */

/* Begin PBXVariantGroup section */
		676B4FFE1BFF6F0C00D69F5E /* Main.storyboard */ = {
			isa = PBXVariantGroup;
			children = (
				676B4FFF1BFF6F0C00D69F5E /* Base */,
			);
			name = Main.storyboard;
			sourceTree = "<group>";
		};
		676B50031BFF6F0C00D69F5E /* LaunchScreen.storyboard */ = {
			isa = PBXVariantGroup;
			children = (
				676B50041BFF6F0C00D69F5E /* Base */,
			);
			name = LaunchScreen.storyboard;
			sourceTree = "<group>";
		};
/* End PBXVariantGroup section */

/* Begin XCBuildConfiguration section */
		676B501D1BFF6F0C00D69F5E /* Debug */ = {
			isa = XCBuildConfiguration;
			buildSettings = {
				ALWAYS_SEARCH_USER_PATHS = NO;
				CLANG_CXX_LANGUAGE_STANDARD = "gnu++0x";
				CLANG_CXX_LIBRARY = "libc++";
				CLANG_ENABLE_MODULES = YES;
				CLANG_ENABLE_OBJC_ARC = YES;
				CLANG_WARN_BOOL_CONVERSION = YES;
				CLANG_WARN_CONSTANT_CONVERSION = YES;
				CLANG_WARN_DIRECT_OBJC_ISA_USAGE = YES_ERROR;
				CLANG_WARN_EMPTY_BODY = YES;
				CLANG_WARN_ENUM_CONVERSION = YES;
				CLANG_WARN_INT_CONVERSION = YES;
				CLANG_WARN_OBJC_ROOT_CLASS = YES_ERROR;
				CLANG_WARN_UNREACHABLE_CODE = YES;
				CLANG_WARN__DUPLICATE_METHOD_MATCH = YES;
				"CODE_SIGN_IDENTITY[sdk=iphoneos*]" = "iPhone Developer";
				COPY_PHASE_STRIP = NO;
				DEBUG_INFORMATION_FORMAT = dwarf;
				ENABLE_STRICT_OBJC_MSGSEND = YES;
				ENABLE_TESTABILITY = YES;
				GCC_C_LANGUAGE_STANDARD = gnu99;
				GCC_DYNAMIC_NO_PIC = NO;
				GCC_NO_COMMON_BLOCKS = YES;
				GCC_OPTIMIZATION_LEVEL = 0;
				GCC_PREPROCESSOR_DEFINITIONS = (
					"DEBUG=1",
					"$(inherited)",
				);
				GCC_WARN_64_TO_32_BIT_CONVERSION = YES;
				GCC_WARN_ABOUT_RETURN_TYPE = YES_ERROR;
				GCC_WARN_UNDECLARED_SELECTOR = YES;
				GCC_WARN_UNINITIALIZED_AUTOS = YES_AGGRESSIVE;
				GCC_WARN_UNUSED_FUNCTION = YES;
				GCC_WARN_UNUSED_VARIABLE = YES;
				IPHONEOS_DEPLOYMENT_TARGET = 9.1;
				MTL_ENABLE_DEBUG_INFO = YES;
				ONLY_ACTIVE_ARCH = YES;
				SDKROOT = iphoneos;
				SWIFT_OPTIMIZATION_LEVEL = "-Onone";
				TARGETED_DEVICE_FAMILY = "1,2";
			};
			name = Debug;
		};
		676B501E1BFF6F0C00D69F5E /* Release */ = {
			isa = XCBuildConfiguration;
			buildSettings = {
				ALWAYS_SEARCH_USER_PATHS = NO;
				CLANG_CXX_LANGUAGE_STANDARD = "gnu++0x";
				CLANG_CXX_LIBRARY = "libc++";
				CLANG_ENABLE_MODULES = YES;
				CLANG_ENABLE_OBJC_ARC = YES;
				CLANG_WARN_BOOL_CONVERSION = YES;
				CLANG_WARN_CONSTANT_CONVERSION = YES;
				CLANG_WARN_DIRECT_OBJC_ISA_USAGE = YES_ERROR;
				CLANG_WARN_EMPTY_BODY = YES;
				CLANG_WARN_ENUM_CONVERSION = YES;
				CLANG_WARN_INT_CONVERSION = YES;
				CLANG_WARN_OBJC_ROOT_CLASS = YES_ERROR;
				CLANG_WARN_UNREACHABLE_CODE = YES;
				CLANG_WARN__DUPLICATE_METHOD_MATCH = YES;
				"CODE_SIGN_IDENTITY[sdk=iphoneos*]" = "iPhone Developer";
				COPY_PHASE_STRIP = NO;
				DEBUG_INFORMATION_FORMAT = "dwarf-with-dsym";
				ENABLE_NS_ASSERTIONS = NO;
				ENABLE_STRICT_OBJC_MSGSEND = YES;
				GCC_C_LANGUAGE_STANDARD = gnu99;
				GCC_NO_COMMON_BLOCKS = YES;
				GCC_WARN_64_TO_32_BIT_CONVERSION = YES;
				GCC_WARN_ABOUT_RETURN_TYPE = YES_ERROR;
				GCC_WARN_UNDECLARED_SELECTOR = YES;
				GCC_WARN_UNINITIALIZED_AUTOS = YES_AGGRESSIVE;
				GCC_WARN_UNUSED_FUNCTION = YES;
				GCC_WARN_UNUSED_VARIABLE = YES;
				IPHONEOS_DEPLOYMENT_TARGET = 9.1;
				MTL_ENABLE_DEBUG_INFO = NO;
				SDKROOT = iphoneos;
				TARGETED_DEVICE_FAMILY = "1,2";
				VALIDATE_PRODUCT = YES;
			};
			name = Release;
		};
		676B50201BFF6F0C00D69F5E /* Debug */ = {
			isa = XCBuildConfiguration;
			buildSettings = {
				ASSETCATALOG_COMPILER_APPICON_NAME = AppIcon;
				INFOPLIST_FILE = Filterer/Info.plist;
				LD_RUNPATH_SEARCH_PATHS = "$(inherited) @executable_path/Frameworks";
				PRODUCT_BUNDLE_IDENTIFIER = org.celstec.btb.Filterer;
				PRODUCT_NAME = "$(TARGET_NAME)";
			};
			name = Debug;
		};
		676B50211BFF6F0C00D69F5E /* Release */ = {
			isa = XCBuildConfiguration;
			buildSettings = {
				ASSETCATALOG_COMPILER_APPICON_NAME = AppIcon;
				INFOPLIST_FILE = Filterer/Info.plist;
				LD_RUNPATH_SEARCH_PATHS = "$(inherited) @executable_path/Frameworks";
				PRODUCT_BUNDLE_IDENTIFIER = org.celstec.btb.Filterer;
				PRODUCT_NAME = "$(TARGET_NAME)";
			};
			name = Release;
		};
		676B50231BFF6F0C00D69F5E /* Debug */ = {
			isa = XCBuildConfiguration;
			buildSettings = {
				BUNDLE_LOADER = "$(TEST_HOST)";
				INFOPLIST_FILE = FiltererTests/Info.plist;
				LD_RUNPATH_SEARCH_PATHS = "$(inherited) @executable_path/Frameworks @loader_path/Frameworks";
				PRODUCT_BUNDLE_IDENTIFIER = org.celstec.btb.FiltererTests;
				PRODUCT_NAME = "$(TARGET_NAME)";
				TEST_HOST = "$(BUILT_PRODUCTS_DIR)/Filterer.app/Filterer";
			};
			name = Debug;
		};
		676B50241BFF6F0C00D69F5E /* Release */ = {
			isa = XCBuildConfiguration;
			buildSettings = {
				BUNDLE_LOADER = "$(TEST_HOST)";
				INFOPLIST_FILE = FiltererTests/Info.plist;
				LD_RUNPATH_SEARCH_PATHS = "$(inherited) @executable_path/Frameworks @loader_path/Frameworks";
				PRODUCT_BUNDLE_IDENTIFIER = org.celstec.btb.FiltererTests;
				PRODUCT_NAME = "$(TARGET_NAME)";
				TEST_HOST = "$(BUILT_PRODUCTS_DIR)/Filterer.app/Filterer";
			};
			name = Release;
		};
		676B50261BFF6F0C00D69F5E /* Debug */ = {
			isa = XCBuildConfiguration;
			buildSettings = {
				INFOPLIST_FILE = FiltererUITests/Info.plist;
				LD_RUNPATH_SEARCH_PATHS = "$(inherited) @executable_path/Frameworks @loader_path/Frameworks";
				PRODUCT_BUNDLE_IDENTIFIER = org.celstec.btb.FiltererUITests;
				PRODUCT_NAME = "$(TARGET_NAME)";
				TEST_TARGET_NAME = Filterer;
				USES_XCTRUNNER = YES;
			};
			name = Debug;
		};
		676B50271BFF6F0C00D69F5E /* Release */ = {
			isa = XCBuildConfiguration;
			buildSettings = {
				INFOPLIST_FILE = FiltererUITests/Info.plist;
				LD_RUNPATH_SEARCH_PATHS = "$(inherited) @executable_path/Frameworks @loader_path/Frameworks";
				PRODUCT_BUNDLE_IDENTIFIER = org.celstec.btb.FiltererUITests;
				PRODUCT_NAME = "$(TARGET_NAME)";
				TEST_TARGET_NAME = Filterer;
				USES_XCTRUNNER = YES;
			};
			name = Release;
		};
/* End XCBuildConfiguration section */

/* Begin XCConfigurationList section */
		676B4FF21BFF6F0C00D69F5E /* Build configuration list for PBXProject "Filterer" */ = {
			isa = XCConfigurationList;
			buildConfigurations = (
				676B501D1BFF6F0C00D69F5E /* Debug */,
				676B501E1BFF6F0C00D69F5E /* Release */,
			);
			defaultConfigurationIsVisible = 0;
			defaultConfigurationName = Release;
		};
		676B501F1BFF6F0C00D69F5E /* Build configuration list for PBXNativeTarget "Filterer" */ = {
			isa = XCConfigurationList;
			buildConfigurations = (
				676B50201BFF6F0C00D69F5E /* Debug */,
				676B50211BFF6F0C00D69F5E /* Release */,
			);
			defaultConfigurationIsVisible = 0;
		};
		676B50221BFF6F0C00D69F5E /* Build configuration list for PBXNativeTarget "FiltererTests" */ = {
			isa = XCConfigurationList;
			buildConfigurations = (
				676B50231BFF6F0C00D69F5E /* Debug */,
				676B50241BFF6F0C00D69F5E /* Release */,
			);
			defaultConfigurationIsVisible = 0;
		};
		676B50251BFF6F0C00D69F5E /* Build configuration list for PBXNativeTarget "FiltererUITests" */ = {
			isa = XCConfigurationList;
			buildConfigurations = (
				676B50261BFF6F0C00D69F5E /* Debug */,
				676B50271BFF6F0C00D69F5E /* Release */,
			);
			defaultConfigurationIsVisible = 0;
		};
/* End XCConfigurationList section */
	};
	rootObject = 676B4FEF1BFF6F0C00D69F5E /* Project object */;
}
